{
    "api-platform/api-pack": {
        "version": "v1.3.0"
    },
    "api-platform/core": {
        "version": "2.1",
        "recipe": {
            "repo": "github.com/symfony/recipes",
            "branch": "master",
            "version": "2.1",
            "ref": "18727d8f229306860b46955f438e1897421da689"
        },
        "files": [
            "./config/packages/api_platform.yaml",
            "./config/routes/api_platform.yaml",
            "./src/Entity/.gitignore"
        ]
    },
    "automattic/woocommerce": {
        "version": "3.0.0"
    },
    "babdev/pagerfanta-bundle": {
        "version": "v3.1.0"
    },
    "beberlei/doctrineextensions": {
        "version": "v1.3.0"
    },
    "behat/transliterator": {
        "version": "v1.3.0"
    },
    "composer/semver": {
        "version": "3.2.4"
    },
    "composer/xdebug-handler": {
        "version": "1.4.5"
    },
    "cron/cron": {
        "version": "1.6.0"
    },
    "cron/cron-bundle": {
        "version": "2.10.2"
    },
    "doctrine/annotations": {
        "version": "1.0",
        "recipe": {
            "repo": "github.com/symfony/recipes",
            "branch": "master",
            "version": "1.0",
            "ref": "a2759dd6123694c8d901d0ec80006e044c2e6457"
        },
        "files": [
            "./config/routes/annotations.yaml"
        ]
    },
    "doctrine/cache": {
        "version": "1.10.2"
    },
    "doctrine/collections": {
        "version": "1.6.7"
    },
    "doctrine/common": {
        "version": "2.13.3"
    },
    "doctrine/data-fixtures": {
        "version": "1.4.4"
    },
    "doctrine/dbal": {
        "version": "2.12.1"
    },
    "doctrine/deprecations": {
        "version": "v0.5.3"
    },
    "doctrine/doctrine-bundle": {
        "version": "1.12",
        "recipe": {
            "repo": "github.com/symfony/recipes",
            "branch": "master",
            "version": "1.12",
            "ref": "f93006d30689d34d5afa10a532baeabbc8cb016e"
        },
        "files": [
            "./config/packages/doctrine.yaml",
            "./config/packages/prod/doctrine.yaml",
            "./src/Entity/.gitignore",
            "./src/Repository/.gitignore"
        ]
    },
    "doctrine/doctrine-fixtures-bundle": {
        "version": "3.0",
        "recipe": {
            "repo": "github.com/symfony/recipes",
            "branch": "master",
            "version": "3.0",
            "ref": "e5b542d4ef47d8a003c91beb35650c76907f7e53"
        },
        "files": [
            "src/DataFixtures/AppFixtures.php"
        ]
    },
    "doctrine/doctrine-migrations-bundle": {
        "version": "2.2",
        "recipe": {
            "repo": "github.com/symfony/recipes",
            "branch": "master",
            "version": "2.2",
            "ref": "baaa439e3e3179e69e3da84b671f0a3e4a2f56ad"
        },
        "files": [
            "./config/packages/doctrine_migrations.yaml",
            "./migrations/.gitignore"
        ]
    },
    "doctrine/event-manager": {
        "version": "1.1.1"
    },
    "doctrine/inflector": {
        "version": "1.4.3"
    },
    "doctrine/instantiator": {
        "version": "1.4.0"
    },
    "doctrine/lexer": {
        "version": "1.2.1"
    },
    "doctrine/migrations": {
        "version": "3.0.1"
    },
    "doctrine/orm": {
        "version": "2.7.5"
    },
    "doctrine/persistence": {
        "version": "1.3.8"
    },
    "doctrine/sql-formatter": {
        "version": "1.1.1"
    },
    "dragonmantank/cron-expression": {
        "version": "v3.3.1"
    },
    "egulias/email-validator": {
        "version": "2.1.25"
    },
    "facebook/graph-sdk": {
        "version": "5.7.0"
    },
    "facebook/php-ads-sdk": {
        "version": "2.8.2"
    },
    "felixfbecker/advanced-json-rpc": {
        "version": "v3.1.1"
    },
    "fig/link-util": {
        "version": "1.1.2"
    },
    "friendsofphp/php-cs-fixer": {
        "version": "2.2",
        "recipe": {
            "repo": "github.com/symfony/recipes",
            "branch": "master",
            "version": "2.2",
            "ref": "cc05ab6abf6894bddb9bbd6a252459010ebe040b"
        },
        "files": [
            ".php_cs.dist"
        ]
    },
    "friendsofphp/proxy-manager-lts": {
        "version": "v1.0.1"
    },
    "friendsofsymfony/jsrouting-bundle": {
        "version": "2.3",
        "recipe": {
            "repo": "github.com/symfony/recipes-contrib",
            "branch": "master",
            "version": "2.3",
            "ref": "a9f2e49180f75cdc71ae279a929c4b2e0638de84"
        },
        "files": [
            "./config/routes/fos_js_routing.yaml"
        ]
    },
    "gedmo/doctrine-extensions": {
        "version": "v2.4.42"
    },
    "guzzlehttp/guzzle": {
        "version": "6.5.5"
    },
    "guzzlehttp/promises": {
        "version": "1.4.0"
    },
    "guzzlehttp/psr7": {
        "version": "1.7.0"
    },
    "illuminate/contracts": {
        "version": "v5.3.23"
    },
    "illuminate/encryption": {
        "version": "v5.3.23"
    },
    "illuminate/support": {
        "version": "v5.3.23"
    },
    "incenteev/composer-parameter-handler": {
        "version": "v2.1.4"
    },
    "javanile/vtiger-client": {
        "version": "0.0.13"
    },
    "jetbrains/phpstorm-stubs": {
        "version": "v2019.3"
    },
    "jquery/jquery": {
        "version": "2.1.3"
    },
    "jquery/jquery_ui": {
        "version": "1.11.1"
    },
    "laminas/laminas-code": {
        "version": "3.5.1"
    },
    "laminas/laminas-hydrator": {
        "version": "4.1.0"
    },
    "laminas/laminas-stdlib": {
        "version": "3.3.1"
    },
    "laminas/laminas-zendframework-bridge": {
        "version": "1.2.0"
    },
    "lcobucci/clock": {
        "version": "2.0.0"
    },
    "lcobucci/jwt": {
        "version": "3.4.2"
    },
    "leafo/lessphp": {
        "version": "v0.4.0"
    },
    "lexik/jwt-authentication-bundle": {
        "version": "2.5",
        "recipe": {
            "repo": "github.com/symfony/recipes",
            "branch": "master",
            "version": "2.5",
            "ref": "5b2157bcd5778166a5696e42f552ad36529a07a6"
        },
        "files": [
            "./config/packages/lexik_jwt_authentication.yaml"
        ]
    },
    "mautic/api-library": {
        "version": "2.16.1"
    },
    "microsoft/tolerant-php-parser": {
        "version": "v0.0.23"
    },
    "monolog/monolog": {
        "version": "1.26.0"
    },
    "namshi/jose": {
        "version": "7.2.3"
    },
    "nelmio/cors-bundle": {
        "version": "1.5",
        "recipe": {
            "repo": "github.com/symfony/recipes",
            "branch": "master",
            "version": "1.5",
            "ref": "6bea22e6c564fba3a1391615cada1437d0bde39c"
        },
        "files": [
            "./config/packages/nelmio_cors.yaml"
        ]
    },
    "netresearch/jsonmapper": {
        "version": "v2.1.0"
    },
    "nikic/php-parser": {
        "version": "v4.10.4"
    },
    "pagerfanta/pagerfanta": {
        "version": "v2.5.1"
    },
    "paragonie/random_compat": {
        "version": "v2.0.19"
    },
    "phan/phan": {
        "version": "4.0.1"
    },
    "php": {
        "version": "7.3"
    },
    "php-cs-fixer/diff": {
        "version": "v1.3.1"
    },
    "phpdocumentor/reflection-common": {
        "version": "2.2.0"
    },
    "phpdocumentor/reflection-docblock": {
        "version": "5.2.2"
    },
    "phpdocumentor/type-resolver": {
        "version": "1.4.0"
    },
    "phpstan/phpstan": {
        "version": "0.12.64"
    },
    "phpstan/phpstan-doctrine": {
        "version": "0.12.26"
    },
    "phpstan/phpstan-symfony": {
        "version": "0.12.12"
    },
    "prestashop/prestashop-webservice-lib": {
        "version": "dev-master"
    },
    "psr/cache": {
        "version": "1.0.1"
    },
    "psr/container": {
        "version": "1.0.0"
    },
    "psr/http-message": {
        "version": "1.0.1"
    },
    "psr/link": {
        "version": "1.0.0"
    },
    "psr/log": {
        "version": "1.1.3"
    },
    "ralouphie/getallheaders": {
        "version": "3.0.3"
    },
    "roave/better-reflection": {
        "version": "4.3.0"
    },
    "roave/signature": {
        "version": "1.2.0"
    },
    "sabre/event": {
        "version": "5.1.2"
    },
    "sensio/framework-extra-bundle": {
        "version": "5.2",
        "recipe": {
            "repo": "github.com/symfony/recipes",
            "branch": "master",
            "version": "5.2",
            "ref": "fb7e19da7f013d0d422fa9bce16f5c510e27609b"
        },
        "files": [
            "config/packages/sensio_framework_extra.yaml"
        ]
    },
    "shapecode/cron-bundle": {
        "version": "5.0.0"
    },
    "stof/doctrine-extensions-bundle": {
        "version": "1.2",
        "recipe": {
            "repo": "github.com/symfony/recipes-contrib",
            "branch": "master",
            "version": "1.2",
            "ref": "6c1ceb662f8997085f739cd089bfbef67f245983"
        },
        "files": [
            "./config/packages/stof_doctrine_extensions.yaml"
        ]
    },
    "sugarcrm/rest-php-client": {
        "version": "v1.4.5"
    },
    "swiftmailer/swiftmailer": {
        "version": "v6.2.4"
    },
    "symfony/contracts": {
        "version": "v1.1.10"
    },
    "symfony/deprecation-contracts": {
        "version": "v2.2.0"
    },
    "symfony/flex": {
        "version": "1.0",
        "recipe": {
            "repo": "github.com/symfony/recipes",
            "branch": "master",
            "version": "1.0",
            "ref": "c0eeb50665f0f77226616b6038a9b06c03752d8e"
        },
        "files": [
            ".env"
        ]
    },
    "symfony/maker-bundle": {
        "version": "1.0",
        "recipe": {
            "repo": "github.com/symfony/recipes",
            "branch": "master",
            "version": "1.0",
            "ref": "fadbfe33303a76e25cb63401050439aa9b1a9c7f"
        }
    },
    "symfony/monolog-bundle": {
        "version": "3.3",
        "recipe": {
            "repo": "github.com/symfony/recipes",
            "branch": "master",
            "version": "3.3",
            "ref": "d7249f7d560f6736115eee1851d02a65826f0a56"
        },
        "files": [
            "./config/packages/dev/monolog.yaml",
            "./config/packages/prod/deprecations.yaml",
            "./config/packages/prod/monolog.yaml",
            "./config/packages/test/monolog.yaml"
        ]
    },
    "symfony/orm-pack": {
        "version": "v2.1.0"
    },
    "symfony/phpunit-bridge": {
        "version": "3.3",
        "recipe": {
            "repo": "github.com/symfony/recipes",
            "branch": "master",
            "version": "3.3",
            "ref": "7e941371431f5245d05c6490ada44c17eb0d27ed"
        },
        "files": [
            "./.env.test",
            "./bin/phpunit",
            "./phpunit.xml.dist",
            "./tests/bootstrap.php"
        ]
    },
    "symfony/polyfill-ctype": {
        "version": "v1.20.0"
    },
    "symfony/polyfill-iconv": {
        "version": "v1.20.0"
    },
    "symfony/polyfill-intl-icu": {
        "version": "v1.20.0"
    },
    "symfony/polyfill-intl-idn": {
        "version": "v1.20.0"
    },
    "symfony/polyfill-intl-normalizer": {
        "version": "v1.20.0"
    },
    "symfony/polyfill-mbstring": {
        "version": "v1.20.0"
    },
    "symfony/polyfill-php56": {
        "version": "v1.20.0"
    },
    "symfony/polyfill-php70": {
        "version": "v1.20.0"
    },
    "symfony/polyfill-php72": {
        "version": "v1.20.0"
    },
    "symfony/polyfill-php73": {
        "version": "v1.20.0"
    },
    "symfony/polyfill-php80": {
        "version": "v1.20.0"
    },
    "symfony/polyfill-php81": {
        "version": "v1.23.0"
    },
    "symfony/profiler-pack": {
        "version": "v1.0.5"
    },
    "symfony/requirements-checker": {
        "version": "2.0",
        "recipe": {
            "repo": "github.com/symfony/recipes",
            "branch": "master",
            "version": "2.0",
            "ref": "02c6e4b9b117c39e8a23eab7f3840ef6e62293b9"
        }
    },
    "symfony/serializer-pack": {
        "version": "v1.0.4"
    },
    "symfony/swiftmailer-bundle": {
        "version": "2.5",
        "recipe": {
            "repo": "github.com/symfony/recipes",
            "branch": "master",
            "version": "2.5",
            "ref": "ae4d22af30bbd484506bc1817c5a3ef72c855b93"
        },
        "files": [
            "./config/packages/dev/swiftmailer.yaml",
            "./config/packages/swiftmailer.yaml",
            "./config/packages/test/swiftmailer.yaml"
        ]
    },
    "symfony/symfony": {
        "version": "v4.4.18"
    },
    "symfony/twig-pack": {
        "version": "v1.0.1"
    },
    "symfony/webpack-encore-bundle": {
        "version": "1.6",
        "recipe": {
            "repo": "github.com/symfony/recipes",
            "branch": "master",
            "version": "1.6",
            "ref": "f362ed8e8aa99a8cb216e6bdb2ac833dfb7643dd"
        },
        "files": [
            "assets/app.js",
            "assets/bootstrap.js",
            "assets/controllers.json",
            "assets/controllers/hello_controller.js",
            "assets/styles/app.css",
            "config/packages/assets.yaml",
            "config/packages/prod/webpack_encore.yaml",
            "config/packages/test/webpack_encore.yaml",
            "config/packages/webpack_encore.yaml",
            "package.json",
            "webpack.config.js"
        ]
    },
    "twig/extra-bundle": {
        "version": "v3.3.0"
    },
    "twig/twig": {
        "version": "v2.14.1"
    },
    "twitter/bootstrap": {
        "version": "v4.6.0"
    },
    "webmozart/assert": {
        "version": "1.9.1"
    },
    "willdurand/jsonp-callback-validator": {
        "version": "v1.1.0"
    },
    "willdurand/negotiation": {
        "version": "v2.3.1"
    }
}
